
Microsoft Visual Studio Solution File, Format Version 12.00
# Visual Studio Version 17
VisualStudioVersion = 17.5.33502.453
MinimumVisualStudioVersion = 10.0.40219.1
Project("{FAE04EC0-301F-11D3-BF4B-00C04F79EFBC}") = "third_semester_project", "third_semester_project\third_semester_project.csproj", "{14113F04-ACCC-4FC0-838A-6439790B4189}"
EndProject
Global
	GlobalSection(SolutionConfigurationPlatforms) = preSolution
		Debug|Any CPU = Debug|Any CPU
		Release|Any CPU = Release|Any CPU
	EndGlobalSection
	GlobalSection(ProjectConfigurationPlatforms) = postSolution
		{14113F04-ACCC-4FC0-838A-6439790B4189}.Debug|Any CPU.ActiveCfg = Debug|Any CPU
		{14113F04-ACCC-4FC0-838A-6439790B4189}.Debug|Any CPU.Build.0 = Debug|Any CPU
		{14113F04-ACCC-4FC0-838A-6439790B4189}.Release|Any CPU.ActiveCfg = Release|Any CPU
		{14113F04-ACCC-4FC0-838A-6439790B4189}.Release|Any CPU.Build.0 = Release|Any CPU
	EndGlobalSection
	GlobalSection(SolutionProperties) = preSolution
		HideSolutionNode = FALSE
	EndGlobalSection
	GlobalSection(ExtensibilityGlobals) = postSolution
		SolutionGuid = {E8074E03-C170-4CE4-9F72-3930BACAAC7E}
	EndGlobalSection
EndGlobal
